// !$*UTF8*$!
{
	archiveVersion = 1;
	classes = {
	};
	objectVersion = 77;
	objects = {

/* Begin PBXBuildFile section */
		0341F38616147FAF3EF09081 /* NextSessionWidget.swift in Sources */ = {isa = PBXBuildFile; fileRef = 22633914C08470EF46CFFB4A /* NextSessionWidget.swift */; };
		03A046DCC2C571BA43862BD6 /* SettingsView.swift in Sources */ = {isa = PBXBuildFile; fileRef = 8654363C85DBACD175C3662E /* SettingsView.swift */; };
		0C556C2E13C2F0DD798B336B /* GoogleSignInSwift in Frameworks */ = {isa = PBXBuildFile; productRef = 1D221B9D9D76846D83A2E146 /* GoogleSignInSwift */; };
		17A6905BC212631D6BD4EE5E /* StreamDetailView.swift in Sources */ = {isa = PBXBuildFile; fileRef = 6CF4953E7EAD819BD46F4727 /* StreamDetailView.swift */; };
		17C64DDFC3ECB6981257A0B6 /* VideoPlayerView.swift in Sources */ = {isa = PBXBuildFile; fileRef = 6E60CA068B28D05C7FDF8016 /* VideoPlayerView.swift */; };
		187B24F448DED5E616E0AE21 /* AdminForms.swift in Sources */ = {isa = PBXBuildFile; fileRef = CEC59DDBE5AAC7F17E335F9E /* AdminForms.swift */; };
		1C5D9D60F06AD6168C558135 /* CourseDetailView.swift in Sources */ = {isa = PBXBuildFile; fileRef = CA1ED564F1E76786E094B1B7 /* CourseDetailView.swift */; };
		2968B349EB4CFBB16DB86AEE /* SeenAnnouncements.swift in Sources */ = {isa = PBXBuildFile; fileRef = 3C244446BE52D80C75CEE94F /* SeenAnnouncements.swift */; };
		2D68AEB1A815017B6C58D6F5 /* Assets.xcassets in Resources */ = {isa = PBXBuildFile; fileRef = 31B3E91DD48A53066D13E0B6 /* Assets.xcassets */; };
		3540A191BA50183D0B135094 /* HomeView.swift in Sources */ = {isa = PBXBuildFile; fileRef = E56BF3C549F5831CBB50AFDD /* HomeView.swift */; };
		36F314FB050E6FA71DADA696 /* HomeworkView.swift in Sources */ = {isa = PBXBuildFile; fileRef = B2C74DE8F2270766C2835F7C /* HomeworkView.swift */; };
		3C77B34CBE043F6F516A4707 /* PracticeJournal.swift in Sources */ = {isa = PBXBuildFile; fileRef = 05C795F63DA046BF2FB2B8C5 /* PracticeJournal.swift */; };
		3F779A31E567B9ECCD468D50 /* NotificationScheduler.swift in Sources */ = {isa = PBXBuildFile; fileRef = 530E9F2F114BBBA52DD04551 /* NotificationScheduler.swift */; };
		44A80D04288E4F7E84CAC6C1 /* SessionDetailView.swift in Sources */ = {isa = PBXBuildFile; fileRef = 0552402326D4C6B62130979E /* SessionDetailView.swift */; };
		4EA3BCAE8B9862196C18CE8E /* DriveAccess.swift in Sources */ = {isa = PBXBuildFile; fileRef = 96DA74E6F659D77F3A57B987 /* DriveAccess.swift */; };
		5C39B5D045DCD79E418013F6 /* CourseRepository.swift in Sources */ = {isa = PBXBuildFile; fileRef = 4AC69E20B206F4B40FB28259 /* CourseRepository.swift */; };
		5CBF101294E0B4E5ECE1BC5E /* InputModels.swift in Sources */ = {isa = PBXBuildFile; fileRef = 3496CE3358F9446DCA54BD00 /* InputModels.swift */; };
		689F966B3AE44774691502D6 /* RemoteLog.swift in Sources */ = {isa = PBXBuildFile; fileRef = C199B6B439D225C6D78F1C16 /* RemoteLog.swift */; };
		6B6F16FA07E0817D33093CD8 /* SessionPulseView.swift in Sources */ = {isa = PBXBuildFile; fileRef = 11CAC67650EED80D8AC61EAA /* SessionPulseView.swift */; };
		769C76A78A98793862DEFD0A /* PlayerAudio.swift in Sources */ = {isa = PBXBuildFile; fileRef = E357D321925857DB4617ED43 /* PlayerAudio.swift */; };
		783B8E88F93C940AAF3D5467 /* SessionPaymentView.swift in Sources */ = {isa = PBXBuildFile; fileRef = 349BE3A11D4E6BA33B6751B7 /* SessionPaymentView.swift */; };
		7E8A1D4E24A7006B95BE454B /* Routes.swift in Sources */ = {isa = PBXBuildFile; fileRef = 16415B1D3ED9D1F80AC53EF4 /* Routes.swift */; };
		82F2CC9DF7A6D00DEB6BA889 /* Models.swift in Sources */ = {isa = PBXBuildFile; fileRef = 7612B66619C3EB87F125DFDC /* Models.swift */; };
		8A827D4915DD1EE753A321BE /* ReceiptScanner.swift in Sources */ = {isa = PBXBuildFile; fileRef = 65ABC4E02A95F96640123D39 /* ReceiptScanner.swift */; };
		982F6FC9ADC351A21E53F345 /* SharedSchedule.swift in Sources */ = {isa = PBXBuildFile; fileRef = B5B97DBE6DD1ACF8D16A93C2 /* SharedSchedule.swift */; };
		9B17ECCFF159BEC82B9755BC /* Identity.swift in Sources */ = {isa = PBXBuildFile; fileRef = 311E25A4F06EB7E9DC544FC1 /* Identity.swift */; };
		A0F2E23222C20925F7FFECF0 /* ReceiptParsing.swift in Sources */ = {isa = PBXBuildFile; fileRef = 51768EA5F1F861B7AE6B2186 /* ReceiptParsing.swift */; };
		A186AC8A733646F290D7B83F /* WidgetSync.swift in Sources */ = {isa = PBXBuildFile; fileRef = 6490DE90C63D0315542FC7FF /* WidgetSync.swift */; };
		A292BC9D259C0D452DE24725 /* AdminHomeView.swift in Sources */ = {isa = PBXBuildFile; fileRef = FB60848B43122D61C5F0FB42 /* AdminHomeView.swift */; };
		A2C50E491C58E562B231D0AC /* JournalView.swift in Sources */ = {isa = PBXBuildFile; fileRef = FC8338942F6F7BB082FB6777 /* JournalView.swift */; };
		A61694FE892C118C95D09525 /* DownloadManager.swift in Sources */ = {isa = PBXBuildFile; fileRef = 02BBAE671589458E514D6982 /* DownloadManager.swift */; };
		A6DB7E1366B4E457CB095A1C /* SessionQuestionsView.swift in Sources */ = {isa = PBXBuildFile; fileRef = E34575CAF1DE1C885E9E6297 /* SessionQuestionsView.swift */; };
		A6EB7DA81C75477192861B68 /* CoursesWidgets.appex in Embed Foundation Extensions */ = {isa = PBXBuildFile; fileRef = 7EF02AD2FA6891A041577E5E /* CoursesWidgets.appex */; settings = {ATTRIBUTES = (RemoveHeadersOnCopy, ); }; };
		AE3BFB3C106958BFF81D1C8B /* MaterialRow.swift in Sources */ = {isa = PBXBuildFile; fileRef = C4C225BFC8D39899E2EF5B88 /* MaterialRow.swift */; };
		B12F8FC51C69ED8955215F62 /* SharedUI.swift in Sources */ = {isa = PBXBuildFile; fileRef = 22908673233FCDC3FD42F9D1 /* SharedUI.swift */; };
		BCDCD44595891C3CA77BCABB /* ApplyView.swift in Sources */ = {isa = PBXBuildFile; fileRef = A2F04BA1B1C8FC8AA3B232DA /* ApplyView.swift */; };
		BF274EEDFAF5817ABDB27EAC /* AppEnvironment.swift in Sources */ = {isa = PBXBuildFile; fileRef = 79499B4FF5A2B4D56E72E441 /* AppEnvironment.swift */; };
		C136A6313DCCABBDE6EA57FF /* ResponseCache.swift in Sources */ = {isa = PBXBuildFile; fileRef = 9FCC229F2E9F45F26B497C88 /* ResponseCache.swift */; };
		DDBFFCE7D29807B8A8679340 /* CatalogView.swift in Sources */ = {isa = PBXBuildFile; fileRef = B6EBE10093E1D103FD317A5B /* CatalogView.swift */; };
		DEC64D9BF98D988841DAD8EF /* PreviewRepository.swift in Sources */ = {isa = PBXBuildFile; fileRef = 768FFFEBB5F14D977A08084C /* PreviewRepository.swift */; };
		E1181ECC35BDDE315096B220 /* CoursesApp.swift in Sources */ = {isa = PBXBuildFile; fileRef = 2936673C5B004580066EC142 /* CoursesApp.swift */; };
		E1ED29CC351741F106566EE2 /* ScheduleView.swift in Sources */ = {isa = PBXBuildFile; fileRef = 2A7FAA6B195E11E1801F5CFD /* ScheduleView.swift */; };
		E2D2BB9C3579A6136B51187A /* GoogleAuth.swift in Sources */ = {isa = PBXBuildFile; fileRef = 7FDAE2ABE1195BAEF4B149F9 /* GoogleAuth.swift */; };
		E5E3C8021EA5D2D1BE29D56B /* PlaybackProgress.swift in Sources */ = {isa = PBXBuildFile; fileRef = 7EBAD09441CFC8CA841CEF29 /* PlaybackProgress.swift */; };
		E694361F4F841C1A01A589FD /* Formatting.swift in Sources */ = {isa = PBXBuildFile; fileRef = 8B401C57783FD8F76C2E4014 /* Formatting.swift */; };
		EB9B1508EB96853643780C9D /* GoogleSignIn in Frameworks */ = {isa = PBXBuildFile; productRef = B2F9C188006E76D9FEBFD5B0 /* GoogleSignIn */; };
		F3352C14F165651B3CE1CCB0 /* SharedSchedule.swift in Sources */ = {isa = PBXBuildFile; fileRef = B5B97DBE6DD1ACF8D16A93C2 /* SharedSchedule.swift */; };
		FE83FCB4114732E086904D87 /* APIClient.swift in Sources */ = {isa = PBXBuildFile; fileRef = 56F44C3476908F03659EA0C7 /* APIClient.swift */; };
/* End PBXBuildFile section */

/* Begin PBXContainerItemProxy section */
		2BF00C31827C72CD69734FBD /* PBXContainerItemProxy */ = {
			isa = PBXContainerItemProxy;
			containerPortal = 8C868E0AED7CE29212704E7E /* Project object */;
			proxyType = 1;
			remoteGlobalIDString = C6B78960E5438C32F0A5D65F;
			remoteInfo = CoursesWidgets;
		};
/* End PBXContainerItemProxy section */

/* Begin PBXCopyFilesBuildPhase section */
		BCC03D5FB3EF243FB783782C /* Embed Foundation Extensions */ = {
			isa = PBXCopyFilesBuildPhase;
			buildActionMask = 2147483647;
			dstPath = "";
			dstSubfolderSpec = 13;
			files = (
				A6EB7DA81C75477192861B68 /* CoursesWidgets.appex in Embed Foundation Extensions */,
			);
			name = "Embed Foundation Extensions";
			runOnlyForDeploymentPostprocessing = 0;
		};
/* End PBXCopyFilesBuildPhase section */

/* Begin PBXFileReference section */
		02BBAE671589458E514D6982 /* DownloadManager.swift */ = {isa = PBXFileReference; lastKnownFileType = sourcecode.swift; path = DownloadManager.swift; sourceTree = "<group>"; };
		0552402326D4C6B62130979E /* SessionDetailView.swift */ = {isa = PBXFileReference; lastKnownFileType = sourcecode.swift; path = SessionDetailView.swift; sourceTree = "<group>"; };
		05C795F63DA046BF2FB2B8C5 /* PracticeJournal.swift */ = {isa = PBXFileReference; lastKnownFileType = sourcecode.swift; path = PracticeJournal.swift; sourceTree = "<group>"; };
		11CAC67650EED80D8AC61EAA /* SessionPulseView.swift */ = {isa = PBXFileReference; lastKnownFileType = sourcecode.swift; path = SessionPulseView.swift; sourceTree = "<group>"; };
		16415B1D3ED9D1F80AC53EF4 /* Routes.swift */ = {isa = PBXFileReference; lastKnownFileType = sourcecode.swift; path = Routes.swift; sourceTree = "<group>"; };
		18BAD8F3B110294599AF904B /* Info.plist */ = {isa = PBXFileReference; lastKnownFileType = text.plist; path = Info.plist; sourceTree = "<group>"; };
		22633914C08470EF46CFFB4A /* NextSessionWidget.swift */ = {isa = PBXFileReference; lastKnownFileType = sourcecode.swift; path = NextSessionWidget.swift; sourceTree = "<group>"; };
		22908673233FCDC3FD42F9D1 /* SharedUI.swift */ = {isa = PBXFileReference; lastKnownFileType = sourcecode.swift; path = SharedUI.swift; sourceTree = "<group>"; };
		2936673C5B004580066EC142 /* CoursesApp.swift */ = {isa = PBXFileReference; lastKnownFileType = sourcecode.swift; path = CoursesApp.swift; sourceTree = "<group>"; };
		2A7FAA6B195E11E1801F5CFD /* ScheduleView.swift */ = {isa = PBXFileReference; lastKnownFileType = sourcecode.swift; path = ScheduleView.swift; sourceTree = "<group>"; };
		311E25A4F06EB7E9DC544FC1 /* Identity.swift */ = {isa = PBXFileReference; lastKnownFileType = sourcecode.swift; path = Identity.swift; sourceTree = "<group>"; };
		31B3E91DD48A53066D13E0B6 /* Assets.xcassets */ = {isa = PBXFileReference; lastKnownFileType = folder.assetcatalog; path = Assets.xcassets; sourceTree = "<group>"; };
		3496CE3358F9446DCA54BD00 /* InputModels.swift */ = {isa = PBXFileReference; lastKnownFileType = sourcecode.swift; path = InputModels.swift; sourceTree = "<group>"; };
		349BE3A11D4E6BA33B6751B7 /* SessionPaymentView.swift */ = {isa = PBXFileReference; lastKnownFileType = sourcecode.swift; path = SessionPaymentView.swift; sourceTree = "<group>"; };
		3C244446BE52D80C75CEE94F /* SeenAnnouncements.swift */ = {isa = PBXFileReference; lastKnownFileType = sourcecode.swift; path = SeenAnnouncements.swift; sourceTree = "<group>"; };
		407F0AEDE6C248D820A2F82E /* CoursesWidgets.entitlements */ = {isa = PBXFileReference; lastKnownFileType = text.plist.entitlements; path = CoursesWidgets.entitlements; sourceTree = "<group>"; };
		4AC69E20B206F4B40FB28259 /* CourseRepository.swift */ = {isa = PBXFileReference; lastKnownFileType = sourcecode.swift; path = CourseRepository.swift; sourceTree = "<group>"; };
		4F138B2577FF5EDFDA6B8F00 /* CoursesApp.app */ = {isa = PBXFileReference; includeInIndex = 0; lastKnownFileType = wrapper.application; path = CoursesApp.app; sourceTree = BUILT_PRODUCTS_DIR; };
		51768EA5F1F861B7AE6B2186 /* ReceiptParsing.swift */ = {isa = PBXFileReference; lastKnownFileType = sourcecode.swift; path = ReceiptParsing.swift; sourceTree = "<group>"; };
		530E9F2F114BBBA52DD04551 /* NotificationScheduler.swift */ = {isa = PBXFileReference; lastKnownFileType = sourcecode.swift; path = NotificationScheduler.swift; sourceTree = "<group>"; };
		56F44C3476908F03659EA0C7 /* APIClient.swift */ = {isa = PBXFileReference; lastKnownFileType = sourcecode.swift; path = APIClient.swift; sourceTree = "<group>"; };
		6490DE90C63D0315542FC7FF /* WidgetSync.swift */ = {isa = PBXFileReference; lastKnownFileType = sourcecode.swift; path = WidgetSync.swift; sourceTree = "<group>"; };
		65ABC4E02A95F96640123D39 /* ReceiptScanner.swift */ = {isa = PBXFileReference; lastKnownFileType = sourcecode.swift; path = ReceiptScanner.swift; sourceTree = "<group>"; };
		6CF4953E7EAD819BD46F4727 /* StreamDetailView.swift */ = {isa = PBXFileReference; lastKnownFileType = sourcecode.swift; path = StreamDetailView.swift; sourceTree = "<group>"; };
		6E60CA068B28D05C7FDF8016 /* VideoPlayerView.swift */ = {isa = PBXFileReference; lastKnownFileType = sourcecode.swift; path = VideoPlayerView.swift; sourceTree = "<group>"; };
		7612B66619C3EB87F125DFDC /* Models.swift */ = {isa = PBXFileReference; lastKnownFileType = sourcecode.swift; path = Models.swift; sourceTree = "<group>"; };
		768FFFEBB5F14D977A08084C /* PreviewRepository.swift */ = {isa = PBXFileReference; lastKnownFileType = sourcecode.swift; path = PreviewRepository.swift; sourceTree = "<group>"; };
		79499B4FF5A2B4D56E72E441 /* AppEnvironment.swift */ = {isa = PBXFileReference; lastKnownFileType = sourcecode.swift; path = AppEnvironment.swift; sourceTree = "<group>"; };
		7EBAD09441CFC8CA841CEF29 /* PlaybackProgress.swift */ = {isa = PBXFileReference; lastKnownFileType = sourcecode.swift; path = PlaybackProgress.swift; sourceTree = "<group>"; };
		7EF02AD2FA6891A041577E5E /* CoursesWidgets.appex */ = {isa = PBXFileReference; includeInIndex = 0; lastKnownFileType = "wrapper.app-extension"; path = CoursesWidgets.appex; sourceTree = BUILT_PRODUCTS_DIR; };
		7FDAE2ABE1195BAEF4B149F9 /* GoogleAuth.swift */ = {isa = PBXFileReference; lastKnownFileType = sourcecode.swift; path = GoogleAuth.swift; sourceTree = "<group>"; };
		858CEF83626F466F5C9A7091 /* CoursesApp.entitlements */ = {isa = PBXFileReference; lastKnownFileType = text.plist.entitlements; path = CoursesApp.entitlements; sourceTree = "<group>"; };
		8654363C85DBACD175C3662E /* SettingsView.swift */ = {isa = PBXFileReference; lastKnownFileType = sourcecode.swift; path = SettingsView.swift; sourceTree = "<group>"; };
		8B401C57783FD8F76C2E4014 /* Formatting.swift */ = {isa = PBXFileReference; lastKnownFileType = sourcecode.swift; path = Formatting.swift; sourceTree = "<group>"; };
		91DE23CCE4CF33ADCA210C21 /* Info.plist */ = {isa = PBXFileReference; lastKnownFileType = text.plist; path = Info.plist; sourceTree = "<group>"; };
		96DA74E6F659D77F3A57B987 /* DriveAccess.swift */ = {isa = PBXFileReference; lastKnownFileType = sourcecode.swift; path = DriveAccess.swift; sourceTree = "<group>"; };
		9FCC229F2E9F45F26B497C88 /* ResponseCache.swift */ = {isa = PBXFileReference; lastKnownFileType = sourcecode.swift; path = ResponseCache.swift; sourceTree = "<group>"; };
		A2F04BA1B1C8FC8AA3B232DA /* ApplyView.swift */ = {isa = PBXFileReference; lastKnownFileType = sourcecode.swift; path = ApplyView.swift; sourceTree = "<group>"; };
		B2C74DE8F2270766C2835F7C /* HomeworkView.swift */ = {isa = PBXFileReference; lastKnownFileType = sourcecode.swift; path = HomeworkView.swift; sourceTree = "<group>"; };
		B5B97DBE6DD1ACF8D16A93C2 /* SharedSchedule.swift */ = {isa = PBXFileReference; lastKnownFileType = sourcecode.swift; path = SharedSchedule.swift; sourceTree = "<group>"; };
		B6EBE10093E1D103FD317A5B /* CatalogView.swift */ = {isa = PBXFileReference; lastKnownFileType = sourcecode.swift; path = CatalogView.swift; sourceTree = "<group>"; };
		C199B6B439D225C6D78F1C16 /* RemoteLog.swift */ = {isa = PBXFileReference; lastKnownFileType = sourcecode.swift; path = RemoteLog.swift; sourceTree = "<group>"; };
		C4C225BFC8D39899E2EF5B88 /* MaterialRow.swift */ = {isa = PBXFileReference; lastKnownFileType = sourcecode.swift; path = MaterialRow.swift; sourceTree = "<group>"; };
		CA1ED564F1E76786E094B1B7 /* CourseDetailView.swift */ = {isa = PBXFileReference; lastKnownFileType = sourcecode.swift; path = CourseDetailView.swift; sourceTree = "<group>"; };
		CEC59DDBE5AAC7F17E335F9E /* AdminForms.swift */ = {isa = PBXFileReference; lastKnownFileType = sourcecode.swift; path = AdminForms.swift; sourceTree = "<group>"; };
		E34575CAF1DE1C885E9E6297 /* SessionQuestionsView.swift */ = {isa = PBXFileReference; lastKnownFileType = sourcecode.swift; path = SessionQuestionsView.swift; sourceTree = "<group>"; };
		E357D321925857DB4617ED43 /* PlayerAudio.swift */ = {isa = PBXFileReference; lastKnownFileType = sourcecode.swift; path = PlayerAudio.swift; sourceTree = "<group>"; };
		E56BF3C549F5831CBB50AFDD /* HomeView.swift */ = {isa = PBXFileReference; lastKnownFileType = sourcecode.swift; path = HomeView.swift; sourceTree = "<group>"; };
		FB60848B43122D61C5F0FB42 /* AdminHomeView.swift */ = {isa = PBXFileReference; lastKnownFileType = sourcecode.swift; path = AdminHomeView.swift; sourceTree = "<group>"; };
		FC8338942F6F7BB082FB6777 /* JournalView.swift */ = {isa = PBXFileReference; lastKnownFileType = sourcecode.swift; path = JournalView.swift; sourceTree = "<group>"; };
/* End PBXFileReference section */

/* Begin PBXFrameworksBuildPhase section */
		B0F56ED580BE9D3201465D1E /* Frameworks */ = {
			isa = PBXFrameworksBuildPhase;
			buildActionMask = 2147483647;
			files = (
				EB9B1508EB96853643780C9D /* GoogleSignIn in Frameworks */,
				0C556C2E13C2F0DD798B336B /* GoogleSignInSwift in Frameworks */,
			);
			runOnlyForDeploymentPostprocessing = 0;
		};
/* End PBXFrameworksBuildPhase section */

/* Begin PBXGroup section */
		01C06312B32A3F5E96BC5DDF /* CoursesApp */ = {
			isa = PBXGroup;
			children = (
				2E421ECC65BB5D4F1044DE96 /* App */,
				9BE07B6131110BD240D054DF /* Auth */,
				A13EBD0151F9E266C53CDFDC /* Features */,
				E2825B6A754BF065C580DFA1 /* Models */,
				C831ECB7B1EDFB712D3EA858 /* Networking */,
				A09EBC505C60F8B93289CFD5 /* Resources */,
				0AC8BF0A12A5BAE82276355C /* Services */,
				858CEF83626F466F5C9A7091 /* CoursesApp.entitlements */,
				91DE23CCE4CF33ADCA210C21 /* Info.plist */,
			);
			path = CoursesApp;
			sourceTree = "<group>";
		};
		0AC8BF0A12A5BAE82276355C /* Services */ = {
			isa = PBXGroup;
			children = (
				02BBAE671589458E514D6982 /* DownloadManager.swift */,
				96DA74E6F659D77F3A57B987 /* DriveAccess.swift */,
				530E9F2F114BBBA52DD04551 /* NotificationScheduler.swift */,
				7EBAD09441CFC8CA841CEF29 /* PlaybackProgress.swift */,
				E357D321925857DB4617ED43 /* PlayerAudio.swift */,
				05C795F63DA046BF2FB2B8C5 /* PracticeJournal.swift */,
				51768EA5F1F861B7AE6B2186 /* ReceiptParsing.swift */,
				65ABC4E02A95F96640123D39 /* ReceiptScanner.swift */,
				C199B6B439D225C6D78F1C16 /* RemoteLog.swift */,
				3C244446BE52D80C75CEE94F /* SeenAnnouncements.swift */,
				6490DE90C63D0315542FC7FF /* WidgetSync.swift */,
			);
			path = Services;
			sourceTree = "<group>";
		};
		0CB5644CDF84C31326F0FB93 /* Schedule */ = {
			isa = PBXGroup;
			children = (
				2A7FAA6B195E11E1801F5CFD /* ScheduleView.swift */,
			);
			path = Schedule;
			sourceTree = "<group>";
		};
		2E421ECC65BB5D4F1044DE96 /* App */ = {
			isa = PBXGroup;
			children = (
				79499B4FF5A2B4D56E72E441 /* AppEnvironment.swift */,
				2936673C5B004580066EC142 /* CoursesApp.swift */,
				8B401C57783FD8F76C2E4014 /* Formatting.swift */,
				22908673233FCDC3FD42F9D1 /* SharedUI.swift */,
			);
			path = App;
			sourceTree = "<group>";
		};
		3E5CCD4A84BA36DB66D6A18B /* Journal */ = {
			isa = PBXGroup;
			children = (
				FC8338942F6F7BB082FB6777 /* JournalView.swift */,
			);
			path = Journal;
			sourceTree = "<group>";
		};
		526D0A5DF48ACBA5626300B8 /* Settings */ = {
			isa = PBXGroup;
			children = (
				8654363C85DBACD175C3662E /* SettingsView.swift */,
			);
			path = Settings;
			sourceTree = "<group>";
		};
		637D9266CD92F8BE999C41CA /* Home */ = {
			isa = PBXGroup;
			children = (
				E56BF3C549F5831CBB50AFDD /* HomeView.swift */,
			);
			path = Home;
			sourceTree = "<group>";
		};
		7E265190111A5FD96BC632DD = {
			isa = PBXGroup;
			children = (
				01C06312B32A3F5E96BC5DDF /* CoursesApp */,
				BDF36F285DBC8F303A597FFC /* CoursesWidgets */,
				848F248DDE3F646E44423F35 /* Shared */,
				CE70587E28595724313D867F /* Products */,
			);
			sourceTree = "<group>";
		};
		848F248DDE3F646E44423F35 /* Shared */ = {
			isa = PBXGroup;
			children = (
				B5B97DBE6DD1ACF8D16A93C2 /* SharedSchedule.swift */,
			);
			path = Shared;
			sourceTree = "<group>";
		};
		9BE07B6131110BD240D054DF /* Auth */ = {
			isa = PBXGroup;
			children = (
				7FDAE2ABE1195BAEF4B149F9 /* GoogleAuth.swift */,
				311E25A4F06EB7E9DC544FC1 /* Identity.swift */,
			);
			path = Auth;
			sourceTree = "<group>";
		};
		A09EBC505C60F8B93289CFD5 /* Resources */ = {
			isa = PBXGroup;
			children = (
				31B3E91DD48A53066D13E0B6 /* Assets.xcassets */,
			);
			path = Resources;
			sourceTree = "<group>";
		};
		A13EBD0151F9E266C53CDFDC /* Features */ = {
			isa = PBXGroup;
			children = (
				AA8F2647CCB2302C9AEA4128 /* Admin */,
				EC7121C48453150EE0F4C68D /* Catalog */,
				637D9266CD92F8BE999C41CA /* Home */,
				3E5CCD4A84BA36DB66D6A18B /* Journal */,
				DD5730BF4AE21368FB371AEE /* Player */,
				0CB5644CDF84C31326F0FB93 /* Schedule */,
				526D0A5DF48ACBA5626300B8 /* Settings */,
			);
			path = Features;
			sourceTree = "<group>";
		};
		AA8F2647CCB2302C9AEA4128 /* Admin */ = {
			isa = PBXGroup;
			children = (
				CEC59DDBE5AAC7F17E335F9E /* AdminForms.swift */,
				FB60848B43122D61C5F0FB42 /* AdminHomeView.swift */,
			);
			path = Admin;
			sourceTree = "<group>";
		};
		BDF36F285DBC8F303A597FFC /* CoursesWidgets */ = {
			isa = PBXGroup;
			children = (
				407F0AEDE6C248D820A2F82E /* CoursesWidgets.entitlements */,
				18BAD8F3B110294599AF904B /* Info.plist */,
				22633914C08470EF46CFFB4A /* NextSessionWidget.swift */,
			);
			path = CoursesWidgets;
			sourceTree = "<group>";
		};
		C831ECB7B1EDFB712D3EA858 /* Networking */ = {
			isa = PBXGroup;
			children = (
				56F44C3476908F03659EA0C7 /* APIClient.swift */,
				4AC69E20B206F4B40FB28259 /* CourseRepository.swift */,
				3496CE3358F9446DCA54BD00 /* InputModels.swift */,
				768FFFEBB5F14D977A08084C /* PreviewRepository.swift */,
				9FCC229F2E9F45F26B497C88 /* ResponseCache.swift */,
			);
			path = Networking;
			sourceTree = "<group>";
		};
		CE70587E28595724313D867F /* Products */ = {
			isa = PBXGroup;
			children = (
				4F138B2577FF5EDFDA6B8F00 /* CoursesApp.app */,
				7EF02AD2FA6891A041577E5E /* CoursesWidgets.appex */,
			);
			name = Products;
			sourceTree = "<group>";
		};
		DD5730BF4AE21368FB371AEE /* Player */ = {
			isa = PBXGroup;
			children = (
				6E60CA068B28D05C7FDF8016 /* VideoPlayerView.swift */,
			);
			path = Player;
			sourceTree = "<group>";
		};
		E2825B6A754BF065C580DFA1 /* Models */ = {
			isa = PBXGroup;
			children = (
				7612B66619C3EB87F125DFDC /* Models.swift */,
			);
			path = Models;
			sourceTree = "<group>";
		};
		EC7121C48453150EE0F4C68D /* Catalog */ = {
			isa = PBXGroup;
			children = (
				A2F04BA1B1C8FC8AA3B232DA /* ApplyView.swift */,
				B6EBE10093E1D103FD317A5B /* CatalogView.swift */,
				CA1ED564F1E76786E094B1B7 /* CourseDetailView.swift */,
				B2C74DE8F2270766C2835F7C /* HomeworkView.swift */,
				C4C225BFC8D39899E2EF5B88 /* MaterialRow.swift */,
				16415B1D3ED9D1F80AC53EF4 /* Routes.swift */,
				0552402326D4C6B62130979E /* SessionDetailView.swift */,
				349BE3A11D4E6BA33B6751B7 /* SessionPaymentView.swift */,
				11CAC67650EED80D8AC61EAA /* SessionPulseView.swift */,
				E34575CAF1DE1C885E9E6297 /* SessionQuestionsView.swift */,
				6CF4953E7EAD819BD46F4727 /* StreamDetailView.swift */,
			);
			path = Catalog;
			sourceTree = "<group>";
		};
/* End PBXGroup section */

/* Begin PBXNativeTarget section */
		76546642C5C45FEFB5B43956 /* CoursesApp */ = {
			isa = PBXNativeTarget;
			buildConfigurationList = 441523659E38AB014F60F8CD /* Build configuration list for PBXNativeTarget "CoursesApp" */;
			buildPhases = (
				41B33C889B045378BBF11A99 /* Sources */,
				59084A64104D6C3E1AA9D026 /* Resources */,
				B0F56ED580BE9D3201465D1E /* Frameworks */,
				BCC03D5FB3EF243FB783782C /* Embed Foundation Extensions */,
			);
			buildRules = (
			);
			dependencies = (
				AFE47D0BACA27D295D7AA1D4 /* PBXTargetDependency */,
			);
			name = CoursesApp;
			packageProductDependencies = (
				B2F9C188006E76D9FEBFD5B0 /* GoogleSignIn */,
				1D221B9D9D76846D83A2E146 /* GoogleSignInSwift */,
			);
			productName = CoursesApp;
			productReference = 4F138B2577FF5EDFDA6B8F00 /* CoursesApp.app */;
			productType = "com.apple.product-type.application";
		};
		C6B78960E5438C32F0A5D65F /* CoursesWidgets */ = {
			isa = PBXNativeTarget;
			buildConfigurationList = B85457E17DA87B23B8D39247 /* Build configuration list for PBXNativeTarget "CoursesWidgets" */;
			buildPhases = (
				24CF30817B03F355806C1B2E /* Sources */,
			);
			buildRules = (
			);
			dependencies = (
			);
			name = CoursesWidgets;
			packageProductDependencies = (
			);
			productName = CoursesWidgets;
			productReference = 7EF02AD2FA6891A041577E5E /* CoursesWidgets.appex */;
			productType = "com.apple.product-type.app-extension";
		};
/* End PBXNativeTarget section */

/* Begin PBXProject section */
		8C868E0AED7CE29212704E7E /* Project object */ = {
			isa = PBXProject;
			attributes = {
				BuildIndependentTargetsInParallel = YES;
				LastUpgradeCheck = 1430;
				TargetAttributes = {
					76546642C5C45FEFB5B43956 = {
						DevelopmentTeam = "${DEVELOPMENT_TEAM}";
						ProvisioningStyle = Automatic;
					};
					C6B78960E5438C32F0A5D65F = {
						DevelopmentTeam = "${DEVELOPMENT_TEAM}";
						ProvisioningStyle = Automatic;
					};
				};
			};
			buildConfigurationList = B924A15B6AA46323C5179AD2 /* Build configuration list for PBXProject "CoursesApp" */;
			developmentRegion = en;
			hasScannedForEncodings = 0;
			knownRegions = (
				Base,
				en,
			);
			mainGroup = 7E265190111A5FD96BC632DD;
			minimizedProjectReferenceProxies = 1;
			packageReferences = (
				D4DDF5C697F06B19BCB96C2A /* XCRemoteSwiftPackageReference "GoogleSignIn-iOS" */,
			);
			preferredProjectObjectVersion = 77;
			productRefGroup = CE70587E28595724313D867F /* Products */;
			projectDirPath = "";
			projectRoot = "";
			targets = (
				76546642C5C45FEFB5B43956 /* CoursesApp */,
				C6B78960E5438C32F0A5D65F /* CoursesWidgets */,
			);
		};
/* End PBXProject section */

/* Begin PBXResourcesBuildPhase section */
		59084A64104D6C3E1AA9D026 /* Resources */ = {
			isa = PBXResourcesBuildPhase;
			buildActionMask = 2147483647;
			files = (
				2D68AEB1A815017B6C58D6F5 /* Assets.xcassets in Resources */,
			);
			runOnlyForDeploymentPostprocessing = 0;
		};
/* End PBXResourcesBuildPhase section */

/* Begin PBXSourcesBuildPhase section */
		24CF30817B03F355806C1B2E /* Sources */ = {
			isa = PBXSourcesBuildPhase;
			buildActionMask = 2147483647;
			files = (
				0341F38616147FAF3EF09081 /* NextSessionWidget.swift in Sources */,
				F3352C14F165651B3CE1CCB0 /* SharedSchedule.swift in Sources */,
			);
			runOnlyForDeploymentPostprocessing = 0;
		};
		41B33C889B045378BBF11A99 /* Sources */ = {
			isa = PBXSourcesBuildPhase;
			buildActionMask = 2147483647;
			files = (
				FE83FCB4114732E086904D87 /* APIClient.swift in Sources */,
				187B24F448DED5E616E0AE21 /* AdminForms.swift in Sources */,
				A292BC9D259C0D452DE24725 /* AdminHomeView.swift in Sources */,
				BF274EEDFAF5817ABDB27EAC /* AppEnvironment.swift in Sources */,
				BCDCD44595891C3CA77BCABB /* ApplyView.swift in Sources */,
				DDBFFCE7D29807B8A8679340 /* CatalogView.swift in Sources */,
				1C5D9D60F06AD6168C558135 /* CourseDetailView.swift in Sources */,
				5C39B5D045DCD79E418013F6 /* CourseRepository.swift in Sources */,
				E1181ECC35BDDE315096B220 /* CoursesApp.swift in Sources */,
				A61694FE892C118C95D09525 /* DownloadManager.swift in Sources */,
				4EA3BCAE8B9862196C18CE8E /* DriveAccess.swift in Sources */,
				E694361F4F841C1A01A589FD /* Formatting.swift in Sources */,
				E2D2BB9C3579A6136B51187A /* GoogleAuth.swift in Sources */,
				3540A191BA50183D0B135094 /* HomeView.swift in Sources */,
				36F314FB050E6FA71DADA696 /* HomeworkView.swift in Sources */,
				9B17ECCFF159BEC82B9755BC /* Identity.swift in Sources */,
				5CBF101294E0B4E5ECE1BC5E /* InputModels.swift in Sources */,
				A2C50E491C58E562B231D0AC /* JournalView.swift in Sources */,
				AE3BFB3C106958BFF81D1C8B /* MaterialRow.swift in Sources */,
				82F2CC9DF7A6D00DEB6BA889 /* Models.swift in Sources */,
				3F779A31E567B9ECCD468D50 /* NotificationScheduler.swift in Sources */,
				E5E3C8021EA5D2D1BE29D56B /* PlaybackProgress.swift in Sources */,
				769C76A78A98793862DEFD0A /* PlayerAudio.swift in Sources */,
				3C77B34CBE043F6F516A4707 /* PracticeJournal.swift in Sources */,
				DEC64D9BF98D988841DAD8EF /* PreviewRepository.swift in Sources */,
				A0F2E23222C20925F7FFECF0 /* ReceiptParsing.swift in Sources */,
				8A827D4915DD1EE753A321BE /* ReceiptScanner.swift in Sources */,
				689F966B3AE44774691502D6 /* RemoteLog.swift in Sources */,
				C136A6313DCCABBDE6EA57FF /* ResponseCache.swift in Sources */,
				7E8A1D4E24A7006B95BE454B /* Routes.swift in Sources */,
				E1ED29CC351741F106566EE2 /* ScheduleView.swift in Sources */,
				2968B349EB4CFBB16DB86AEE /* SeenAnnouncements.swift in Sources */,
				44A80D04288E4F7E84CAC6C1 /* SessionDetailView.swift in Sources */,
				783B8E88F93C940AAF3D5467 /* SessionPaymentView.swift in Sources */,
				6B6F16FA07E0817D33093CD8 /* SessionPulseView.swift in Sources */,
				A6DB7E1366B4E457CB095A1C /* SessionQuestionsView.swift in Sources */,
				03A046DCC2C571BA43862BD6 /* SettingsView.swift in Sources */,
				982F6FC9ADC351A21E53F345 /* SharedSchedule.swift in Sources */,
				B12F8FC51C69ED8955215F62 /* SharedUI.swift in Sources */,
				17A6905BC212631D6BD4EE5E /* StreamDetailView.swift in Sources */,
				17C64DDFC3ECB6981257A0B6 /* VideoPlayerView.swift in Sources */,
				A186AC8A733646F290D7B83F /* WidgetSync.swift in Sources */,
			);
			runOnlyForDeploymentPostprocessing = 0;
		};
/* End PBXSourcesBuildPhase section */

/* Begin PBXTargetDependency section */
		AFE47D0BACA27D295D7AA1D4 /* PBXTargetDependency */ = {
			isa = PBXTargetDependency;
			target = C6B78960E5438C32F0A5D65F /* CoursesWidgets */;
			targetProxy = 2BF00C31827C72CD69734FBD /* PBXContainerItemProxy */;
		};
/* End PBXTargetDependency section */

/* Begin XCBuildConfiguration section */
		02C61A84E1DFA35FC242E7DB /* Debug */ = {
			isa = XCBuildConfiguration;
			buildSettings = {
				ALWAYS_SEARCH_USER_PATHS = NO;
				CLANG_ANALYZER_NONNULL = YES;
				CLANG_ANALYZER_NUMBER_OBJECT_CONVERSION = YES_AGGRESSIVE;
				CLANG_CXX_LANGUAGE_STANDARD = "gnu++14";
				CLANG_CXX_LIBRARY = "libc++";
				CLANG_ENABLE_MODULES = YES;
				CLANG_ENABLE_OBJC_ARC = YES;
				CLANG_ENABLE_OBJC_WEAK = YES;
				CLANG_WARN_BLOCK_CAPTURE_AUTORELEASING = YES;
				CLANG_WARN_BOOL_CONVERSION = YES;
				CLANG_WARN_COMMA = YES;
				CLANG_WARN_CONSTANT_CONVERSION = YES;
				CLANG_WARN_DEPRECATED_OBJC_IMPLEMENTATIONS = YES;
				CLANG_WARN_DIRECT_OBJC_ISA_USAGE = YES_ERROR;
				CLANG_WARN_DOCUMENTATION_COMMENTS = YES;
				CLANG_WARN_EMPTY_BODY = YES;
				CLANG_WARN_ENUM_CONVERSION = YES;
				CLANG_WARN_INFINITE_RECURSION = YES;
				CLANG_WARN_INT_CONVERSION = YES;
				CLANG_WARN_NON_LITERAL_NULL_CONVERSION = YES;
				CLANG_WARN_OBJC_IMPLICIT_RETAIN_SELF = YES;
				CLANG_WARN_OBJC_LITERAL_CONVERSION = YES;
				CLANG_WARN_OBJC_ROOT_CLASS = YES_ERROR;
				CLANG_WARN_QUOTED_INCLUDE_IN_FRAMEWORK_HEADER = YES;
				CLANG_WARN_RANGE_LOOP_ANALYSIS = YES;
				CLANG_WARN_STRICT_PROTOTYPES = YES;
				CLANG_WARN_SUSPICIOUS_MOVE = YES;
				CLANG_WARN_UNGUARDED_AVAILABILITY = YES_AGGRESSIVE;
				CLANG_WARN_UNREACHABLE_CODE = YES;
				CLANG_WARN__DUPLICATE_METHOD_MATCH = YES;
				CODE_SIGN_STYLE = Automatic;
				COPY_PHASE_STRIP = NO;
				CURRENT_PROJECT_VERSION = 11;
				DEBUG_INFORMATION_FORMAT = dwarf;
				DEVELOPMENT_TEAM = "${DEVELOPMENT_TEAM}";
				ENABLE_STRICT_OBJC_MSGSEND = YES;
				ENABLE_TESTABILITY = YES;
				GCC_C_LANGUAGE_STANDARD = gnu11;
				GCC_DYNAMIC_NO_PIC = NO;
				GCC_NO_COMMON_BLOCKS = YES;
				GCC_OPTIMIZATION_LEVEL = 0;
				GCC_PREPROCESSOR_DEFINITIONS = (
					"$(inherited)",
					"DEBUG=1",
				);
				GCC_WARN_64_TO_32_BIT_CONVERSION = YES;
				GCC_WARN_ABOUT_RETURN_TYPE = YES_ERROR;
				GCC_WARN_UNDECLARED_SELECTOR = YES;
				GCC_WARN_UNINITIALIZED_AUTOS = YES_AGGRESSIVE;
				GCC_WARN_UNUSED_FUNCTION = YES;
				GCC_WARN_UNUSED_VARIABLE = YES;
				IPHONEOS_DEPLOYMENT_TARGET = 17.0;
				MARKETING_VERSION = 0.1.0;
				MTL_ENABLE_DEBUG_INFO = INCLUDE_SOURCE;
				MTL_FAST_MATH = YES;
				ONLY_ACTIVE_ARCH = YES;
				PRODUCT_NAME = "$(TARGET_NAME)";
				SDKROOT = iphoneos;
				SWIFT_ACTIVE_COMPILATION_CONDITIONS = DEBUG;
				SWIFT_OPTIMIZATION_LEVEL = "-Onone";
				SWIFT_VERSION = 5.0;
				TARGETED_DEVICE_FAMILY = 1;
			};
			name = Debug;
		};
		4F325F6609915DACAE5E42DE /* Debug */ = {
			isa = XCBuildConfiguration;
			buildSettings = {
				API_BASE_URL = "http://localhost:3000";
				ASSETCATALOG_COMPILER_APPICON_NAME = AppIcon;
				CODE_SIGN_ENTITLEMENTS = CoursesApp/CoursesApp.entitlements;
				CODE_SIGN_IDENTITY = "iPhone Developer";
				GENERATE_INFOPLIST_FILE = NO;
				INFOPLIST_FILE = CoursesApp/Info.plist;
				LD_RUNPATH_SEARCH_PATHS = (
					"$(inherited)",
					"@executable_path/Frameworks",
				);
				PRODUCT_BUNDLE_IDENTIFIER = com.chornomorets.courses;
				SDKROOT = iphoneos;
				TARGETED_DEVICE_FAMILY = 1;
			};
			name = Debug;
		};
		A4AE07269B843B9289A1E772 /* Debug */ = {
			isa = XCBuildConfiguration;
			buildSettings = {
				CODE_SIGN_ENTITLEMENTS = CoursesWidgets/CoursesWidgets.entitlements;
				GENERATE_INFOPLIST_FILE = NO;
				INFOPLIST_FILE = CoursesWidgets/Info.plist;
				LD_RUNPATH_SEARCH_PATHS = (
					"$(inherited)",
					"@executable_path/Frameworks",
					"@executable_path/../../Frameworks",
				);
				PRODUCT_BUNDLE_IDENTIFIER = com.chornomorets.courses.widgets;
				SDKROOT = iphoneos;
				SKIP_INSTALL = YES;
				TARGETED_DEVICE_FAMILY = 1;
			};
			name = Debug;
		};
		B767BB537D17C85910884C83 /* Release */ = {
			isa = XCBuildConfiguration;
			buildSettings = {
				API_BASE_URL = "${API_BASE_URL}";
				ASSETCATALOG_COMPILER_APPICON_NAME = AppIcon;
				CODE_SIGN_ENTITLEMENTS = CoursesApp/CoursesApp.entitlements;
				CODE_SIGN_IDENTITY = "iPhone Developer";
				GENERATE_INFOPLIST_FILE = NO;
				INFOPLIST_FILE = CoursesApp/Info.plist;
				LD_RUNPATH_SEARCH_PATHS = (
					"$(inherited)",
					"@executable_path/Frameworks",
				);
				PRODUCT_BUNDLE_IDENTIFIER = com.chornomorets.courses;
				SDKROOT = iphoneos;
				TARGETED_DEVICE_FAMILY = 1;
			};
			name = Release;
		};
		DA2EF3431284B2447C800EC4 /* Release */ = {
			isa = XCBuildConfiguration;
			buildSettings = {
				CODE_SIGN_ENTITLEMENTS = CoursesWidgets/CoursesWidgets.entitlements;
				GENERATE_INFOPLIST_FILE = NO;
				INFOPLIST_FILE = CoursesWidgets/Info.plist;
				LD_RUNPATH_SEARCH_PATHS = (
					"$(inherited)",
					"@executable_path/Frameworks",
					"@executable_path/../../Frameworks",
				);
				PRODUCT_BUNDLE_IDENTIFIER = com.chornomorets.courses.widgets;
				SDKROOT = iphoneos;
				SKIP_INSTALL = YES;
				TARGETED_DEVICE_FAMILY = 1;
			};
			name = Release;
		};
		FE18F7BFA2C4924CDE5C2553 /* Release */ = {
			isa = XCBuildConfiguration;
			buildSettings = {
				ALWAYS_SEARCH_USER_PATHS = NO;
				CLANG_ANALYZER_NONNULL = YES;
				CLANG_ANALYZER_NUMBER_OBJECT_CONVERSION = YES_AGGRESSIVE;
				CLANG_CXX_LANGUAGE_STANDARD = "gnu++14";
				CLANG_CXX_LIBRARY = "libc++";
				CLANG_ENABLE_MODULES = YES;
				CLANG_ENABLE_OBJC_ARC = YES;
				CLANG_ENABLE_OBJC_WEAK = YES;
				CLANG_WARN_BLOCK_CAPTURE_AUTORELEASING = YES;
				CLANG_WARN_BOOL_CONVERSION = YES;
				CLANG_WARN_COMMA = YES;
				CLANG_WARN_CONSTANT_CONVERSION = YES;
				CLANG_WARN_DEPRECATED_OBJC_IMPLEMENTATIONS = YES;
				CLANG_WARN_DIRECT_OBJC_ISA_USAGE = YES_ERROR;
				CLANG_WARN_DOCUMENTATION_COMMENTS = YES;
				CLANG_WARN_EMPTY_BODY = YES;
				CLANG_WARN_ENUM_CONVERSION = YES;
				CLANG_WARN_INFINITE_RECURSION = YES;
				CLANG_WARN_INT_CONVERSION = YES;
				CLANG_WARN_NON_LITERAL_NULL_CONVERSION = YES;
				CLANG_WARN_OBJC_IMPLICIT_RETAIN_SELF = YES;
				CLANG_WARN_OBJC_LITERAL_CONVERSION = YES;
				CLANG_WARN_OBJC_ROOT_CLASS = YES_ERROR;
				CLANG_WARN_QUOTED_INCLUDE_IN_FRAMEWORK_HEADER = YES;
				CLANG_WARN_RANGE_LOOP_ANALYSIS = YES;
				CLANG_WARN_STRICT_PROTOTYPES = YES;
				CLANG_WARN_SUSPICIOUS_MOVE = YES;
				CLANG_WARN_UNGUARDED_AVAILABILITY = YES_AGGRESSIVE;
				CLANG_WARN_UNREACHABLE_CODE = YES;
				CLANG_WARN__DUPLICATE_METHOD_MATCH = YES;
				CODE_SIGN_STYLE = Automatic;
				COPY_PHASE_STRIP = NO;
				CURRENT_PROJECT_VERSION = 11;
				DEBUG_INFORMATION_FORMAT = "dwarf-with-dsym";
				DEVELOPMENT_TEAM = "${DEVELOPMENT_TEAM}";
				ENABLE_NS_ASSERTIONS = NO;
				ENABLE_STRICT_OBJC_MSGSEND = YES;
				GCC_C_LANGUAGE_STANDARD = gnu11;
				GCC_NO_COMMON_BLOCKS = YES;
				GCC_WARN_64_TO_32_BIT_CONVERSION = YES;
				GCC_WARN_ABOUT_RETURN_TYPE = YES_ERROR;
				GCC_WARN_UNDECLARED_SELECTOR = YES;
				GCC_WARN_UNINITIALIZED_AUTOS = YES_AGGRESSIVE;
				GCC_WARN_UNUSED_FUNCTION = YES;
				GCC_WARN_UNUSED_VARIABLE = YES;
				IPHONEOS_DEPLOYMENT_TARGET = 17.0;
				MARKETING_VERSION = 0.1.0;
				MTL_ENABLE_DEBUG_INFO = NO;
				MTL_FAST_MATH = YES;
				PRODUCT_NAME = "$(TARGET_NAME)";
				SDKROOT = iphoneos;
				SWIFT_COMPILATION_MODE = wholemodule;
				SWIFT_OPTIMIZATION_LEVEL = "-O";
				SWIFT_VERSION = 5.0;
				TARGETED_DEVICE_FAMILY = 1;
			};
			name = Release;
		};
/* End XCBuildConfiguration section */

/* Begin XCConfigurationList section */
		441523659E38AB014F60F8CD /* Build configuration list for PBXNativeTarget "CoursesApp" */ = {
			isa = XCConfigurationList;
			buildConfigurations = (
				4F325F6609915DACAE5E42DE /* Debug */,
				B767BB537D17C85910884C83 /* Release */,
			);
			defaultConfigurationIsVisible = 0;
			defaultConfigurationName = Debug;
		};
		B85457E17DA87B23B8D39247 /* Build configuration list for PBXNativeTarget "CoursesWidgets" */ = {
			isa = XCConfigurationList;
			buildConfigurations = (
				A4AE07269B843B9289A1E772 /* Debug */,
				DA2EF3431284B2447C800EC4 /* Release */,
			);
			defaultConfigurationIsVisible = 0;
			defaultConfigurationName = Debug;
		};
		B924A15B6AA46323C5179AD2 /* Build configuration list for PBXProject "CoursesApp" */ = {
			isa = XCConfigurationList;
			buildConfigurations = (
				02C61A84E1DFA35FC242E7DB /* Debug */,
				FE18F7BFA2C4924CDE5C2553 /* Release */,
			);
			defaultConfigurationIsVisible = 0;
			defaultConfigurationName = Debug;
		};
/* End XCConfigurationList section */

/* Begin XCRemoteSwiftPackageReference section */
		D4DDF5C697F06B19BCB96C2A /* XCRemoteSwiftPackageReference "GoogleSignIn-iOS" */ = {
			isa = XCRemoteSwiftPackageReference;
			repositoryURL = "https://github.com/google/GoogleSignIn-iOS";
			requirement = {
				kind = upToNextMajorVersion;
				minimumVersion = 8.0.0;
			};
		};
/* End XCRemoteSwiftPackageReference section */

/* Begin XCSwiftPackageProductDependency section */
		1D221B9D9D76846D83A2E146 /* GoogleSignInSwift */ = {
			isa = XCSwiftPackageProductDependency;
			package = D4DDF5C697F06B19BCB96C2A /* XCRemoteSwiftPackageReference "GoogleSignIn-iOS" */;
			productName = GoogleSignInSwift;
		};
		B2F9C188006E76D9FEBFD5B0 /* GoogleSignIn */ = {
			isa = XCSwiftPackageProductDependency;
			package = D4DDF5C697F06B19BCB96C2A /* XCRemoteSwiftPackageReference "GoogleSignIn-iOS" */;
			productName = GoogleSignIn;
		};
/* End XCSwiftPackageProductDependency section */
	};
	rootObject = 8C868E0AED7CE29212704E7E /* Project object */;
}
